
Microsoft Visual Studio Solution File, Format Version 12.00
# Visual Studio Version 17
VisualStudioVersion = 17.8.34302.71
MinimumVisualStudioVersion = 10.0.40219.1
Project("{9A19103F-16F7-4668-BE54-9A1E7A4F7556}") = "Font", "Font.csproj", "{3C9438D6-F84B-4669-9AAC-6DB76716E876}"
EndProject
Project("{9A19103F-16F7-4668-BE54-9A1E7A4F7556}") = "V3Lib", "..\V3Lib\V3Lib.csproj", "{A37743BF-DFED-42A3-8D7D-C5C8BB4ABD15}"
EndProject
Global
	GlobalSection(SolutionConfigurationPlatforms) = preSolution
		Debug|Any CPU = Debug|Any CPU
		Release|Any CPU = Release|Any CPU
	EndGlobalSection
	GlobalSection(ProjectConfigurationPlatforms) = postSolution
		{3C9438D6-F84B-4669-9AAC-6DB76716E876}.Debug|Any CPU.ActiveCfg = Debug|Any CPU
		{3C9438D6-F84B-4669-9AAC-6DB76716E876}.Debug|Any CPU.Build.0 = Debug|Any CPU
		{3C9438D6-F84B-4669-9AAC-6DB76716E876}.Release|Any CPU.ActiveCfg = Release|Any CPU
		{3C9438D6-F84B-4669-9AAC-6DB76716E876}.Release|Any CPU.Build.0 = Release|Any CPU
		{A37743BF-DFED-42A3-8D7D-C5C8BB4ABD15}.Debug|Any CPU.ActiveCfg = Debug|Any CPU
		{A37743BF-DFED-42A3-8D7D-C5C8BB4ABD15}.Debug|Any CPU.Build.0 = Debug|Any CPU
		{A37743BF-DFED-42A3-8D7D-C5C8BB4ABD15}.Release|Any CPU.ActiveCfg = Release|Any CPU
		{A37743BF-DFED-42A3-8D7D-C5C8BB4ABD15}.Release|Any CPU.Build.0 = Release|Any CPU
	EndGlobalSection
	GlobalSection(SolutionProperties) = preSolution
		HideSolutionNode = FALSE
	EndGlobalSection
	GlobalSection(ExtensibilityGlobals) = postSolution
		SolutionGuid = {2D1E0F0E-66EC-4278-BD6D-1080944B0864}
	EndGlobalSection
EndGlobal
