
Microsoft Visual Studio Solution File, Format Version 12.00
# Visual Studio Version 17
VisualStudioVersion = 17.8.34302.71
MinimumVisualStudioVersion = 10.0.40219.1
Project("{9A19103F-16F7-4668-BE54-9A1E7A4F7556}") = "V3Lib", "V3Lib.csproj", "{AE877982-6DF7-42A7-834B-60BA3EE59E28}"
EndProject
Global
	GlobalSection(SolutionConfigurationPlatforms) = preSolution
		Debug|Any CPU = Debug|Any CPU
		Release|Any CPU = Release|Any CPU
	EndGlobalSection
	GlobalSection(ProjectConfigurationPlatforms) = postSolution
		{AE877982-6DF7-42A7-834B-60BA3EE59E28}.Debug|Any CPU.ActiveCfg = Debug|Any CPU
		{AE877982-6DF7-42A7-834B-60BA3EE59E28}.Debug|Any CPU.Build.0 = Debug|Any CPU
		{AE877982-6DF7-42A7-834B-60BA3EE59E28}.Release|Any CPU.ActiveCfg = Release|Any CPU
		{AE877982-6DF7-42A7-834B-60BA3EE59E28}.Release|Any CPU.Build.0 = Release|Any CPU
	EndGlobalSection
	GlobalSection(SolutionProperties) = preSolution
		HideSolutionNode = FALSE
	EndGlobalSection
	GlobalSection(ExtensibilityGlobals) = postSolution
		SolutionGuid = {A2C85459-BFC6-4FF4-9ECC-371F8C857166}
	EndGlobalSection
EndGlobal
